PODS:
  - CSL-CS108 (1.0.4):
    - MQTTClient
  - MQTTClient (0.15.2):
    - MQTTClient/Core (= 0.15.2)
  - MQTTClient/Core (0.15.2):
    - MQTTClient/Manager
    - MQTTClient/Min
  - MQTTClient/Manager (0.15.2):
    - MQTTClient/Min
  - MQTTClient/Min (0.15.2)

DEPENDENCIES:
  - CSL-CS108 (from `~/Documents/GitHub/CSL-CS108/`)
  - MQTTClient

SPEC REPOS:
  trunk:
    - MQTTClient

EXTERNAL SOURCES:
  CSL-CS108:
    :path: "~/Documents/GitHub/CSL-CS108/"

SPEC CHECKSUMS:
  CSL-CS108: dc4f2e76e2f9e6472cfb7d49a4beebfff6f5ea05
  MQTTClient: 902c7bcac1501595f3d0b15178c7205b40331fb0

PODFILE CHECKSUM: 7e4642d22330ad68a3333c86244eb1cf882d748c

COCOAPODS: 1.11.3
