// !$*UTF8*$!
{
	archiveVersion = 1;
	classes = {
	};
	objectVersion = 50;
	objects = {

/* Begin PBXBuildFile section */
		CA411CDF21D8C59F0029E779 /* CSLTagLockVC.m in Sources */ = {isa = PBXBuildFile; fileRef = CA411CDE21D8C59F0029E779 /* CSLTagLockVC.m */; };
		CA4E78E6213528FC0035F075 /* CSLBleReader.m in Sources */ = {isa = PBXBuildFile; fileRef = CA4E78E5213528FC0035F075 /* CSLBleReader.m */; };
		CA4E78E9213698DD0035F075 /* CSLBleTag.m in Sources */ = {isa = PBXBuildFile; fileRef = CA4E78E8213698DD0035F075 /* CSLBleTag.m */; };
		CA5066412157889C00C3C9C8 /* CSLAboutVC.m in Sources */ = {isa = PBXBuildFile; fileRef = CA5066402157889C00C3C9C8 /* CSLAboutVC.m */; };
		CA506644215996A000C3C9C8 /* digital-7 (mono).ttf in Resources */ = {isa = PBXBuildFile; fileRef = CA506643215996A000C3C9C8 /* digital-7 (mono).ttf */; };
		CA57AA7821CAC45E00D081F9 /* LMGaugeView.m in Sources */ = {isa = PBXBuildFile; fileRef = CA57AA7621CAC45D00D081F9 /* LMGaugeView.m */; };
		CA5C9BA1217FF7400079827C /* CSLBleReader+AccessControl.m in Sources */ = {isa = PBXBuildFile; fileRef = CA5C9BA0217FF7400079827C /* CSLBleReader+AccessControl.m */; };
		CA787361214CC154009B7FE6 /* CSLHomeVC.m in Sources */ = {isa = PBXBuildFile; fileRef = CA787360214CC153009B7FE6 /* CSLHomeVC.m */; };
		CA787367214CC9C8009B7FE6 /* CSLTabVC.m in Sources */ = {isa = PBXBuildFile; fileRef = CA787366214CC9C8009B7FE6 /* CSLTabVC.m */; };
		CA78736A214CCA47009B7FE6 /* CSLSettingsVC.m in Sources */ = {isa = PBXBuildFile; fileRef = CA787369214CCA47009B7FE6 /* CSLSettingsVC.m */; };
		CA78736D214CD49D009B7FE6 /* CSLInventoryVC.m in Sources */ = {isa = PBXBuildFile; fileRef = CA78736C214CD49D009B7FE6 /* CSLInventoryVC.m */; };
		CA787370214CD7C4009B7FE6 /* UIKit.framework in Frameworks */ = {isa = PBXBuildFile; fileRef = CA78736F214CD7C4009B7FE6 /* UIKit.framework */; };
		CA787372214CD7CF009B7FE6 /* Foundation.framework in Frameworks */ = {isa = PBXBuildFile; fileRef = CA787371214CD7CF009B7FE6 /* Foundation.framework */; };
		CA7873782150DF7A009B7FE6 /* CSLDeviceTV.m in Sources */ = {isa = PBXBuildFile; fileRef = CA7873772150DF7A009B7FE6 /* CSLDeviceTV.m */; };
		CA78737C21514E61009B7FE6 /* CSLRfidAppEngine.m in Sources */ = {isa = PBXBuildFile; fileRef = CA78737B21514E61009B7FE6 /* CSLRfidAppEngine.m */; };
		CA78737F21543B6F009B7FE6 /* CSLReaderSettings.m in Sources */ = {isa = PBXBuildFile; fileRef = CA78737E21543B6F009B7FE6 /* CSLReaderSettings.m */; };
		CA7873822155F59C009B7FE6 /* CSLReaderInfo.m in Sources */ = {isa = PBXBuildFile; fileRef = CA7873812155F59C009B7FE6 /* CSLReaderInfo.m */; };
		CAB810842133E16F009D2F8F /* CoreBluetooth.framework in Frameworks */ = {isa = PBXBuildFile; fileRef = CAB810832133E16F009D2F8F /* CoreBluetooth.framework */; };
		CABA714A21325BF500D15BB1 /* AppDelegate.m in Sources */ = {isa = PBXBuildFile; fileRef = CABA714921325BF500D15BB1 /* AppDelegate.m */; };
		CABA715221325BF600D15BB1 /* Assets.xcassets in Resources */ = {isa = PBXBuildFile; fileRef = CABA715121325BF600D15BB1 /* Assets.xcassets */; };
		CABA715521325BF600D15BB1 /* LaunchScreen.storyboard in Resources */ = {isa = PBXBuildFile; fileRef = CABA715321325BF600D15BB1 /* LaunchScreen.storyboard */; };
		CABA715821325BF600D15BB1 /* main.m in Sources */ = {isa = PBXBuildFile; fileRef = CABA715721325BF600D15BB1 /* main.m */; };
		CABA71662132631F00D15BB1 /* CSLCircularQueue.m in Sources */ = {isa = PBXBuildFile; fileRef = CABA71602132631F00D15BB1 /* CSLCircularQueue.m */; };
		CABA71672132631F00D15BB1 /* CSLBlePacket.m in Sources */ = {isa = PBXBuildFile; fileRef = CABA71642132631F00D15BB1 /* CSLBlePacket.m */; };
		CABA71682132631F00D15BB1 /* CSLBleInterface.m in Sources */ = {isa = PBXBuildFile; fileRef = CABA71652132631F00D15BB1 /* CSLBleInterface.m */; };
		CACFBBBB21C8E4D0001161F6 /* CSLTagSearchVC.m in Sources */ = {isa = PBXBuildFile; fileRef = CACFBBBA21C8E4D0001161F6 /* CSLTagSearchVC.m */; };
		CAD168572175AD6600DC218E /* CSLTagAccessVC.m in Sources */ = {isa = PBXBuildFile; fileRef = CAD168562175AD6600DC218E /* CSLTagAccessVC.m */; };
		CADDF6AA21DDF41E00E05D75 /* CoreGraphics.framework in Frameworks */ = {isa = PBXBuildFile; fileRef = CADDF6A921DDF41E00E05D75 /* CoreGraphics.framework */; };
		CAECD0C1214973EF003321CF /* CSLRfidDemoApp.storyboard in Resources */ = {isa = PBXBuildFile; fileRef = CAECD0C0214973EF003321CF /* CSLRfidDemoApp.storyboard */; };
		CAF5CC2821626F1500C420EF /* CSLReaderBattery.m in Sources */ = {isa = PBXBuildFile; fileRef = CAF5CC2721626F1500C420EF /* CSLReaderBattery.m */; };
		CAF5CC2B21640E7F00C420EF /* CSLReaderBarcode.m in Sources */ = {isa = PBXBuildFile; fileRef = CAF5CC2A21640E7F00C420EF /* CSLReaderBarcode.m */; };
/* End PBXBuildFile section */

/* Begin PBXFileReference section */
		CA411CDD21D8C59F0029E779 /* CSLTagLockVC.h */ = {isa = PBXFileReference; lastKnownFileType = sourcecode.c.h; path = CSLTagLockVC.h; sourceTree = "<group>"; };
		CA411CDE21D8C59F0029E779 /* CSLTagLockVC.m */ = {isa = PBXFileReference; lastKnownFileType = sourcecode.c.objc; path = CSLTagLockVC.m; sourceTree = "<group>"; };
		CA4E78E4213528FC0035F075 /* CSLBleReader.h */ = {isa = PBXFileReference; lastKnownFileType = sourcecode.c.h; path = CSLBleReader.h; sourceTree = "<group>"; };
		CA4E78E5213528FC0035F075 /* CSLBleReader.m */ = {isa = PBXFileReference; lastKnownFileType = sourcecode.c.objc; path = CSLBleReader.m; sourceTree = "<group>"; };
		CA4E78E7213698DD0035F075 /* CSLBleTag.h */ = {isa = PBXFileReference; lastKnownFileType = sourcecode.c.h; path = CSLBleTag.h; sourceTree = "<group>"; };
		CA4E78E8213698DD0035F075 /* CSLBleTag.m */ = {isa = PBXFileReference; lastKnownFileType = sourcecode.c.objc; path = CSLBleTag.m; sourceTree = "<group>"; };
		CA50663F2157889C00C3C9C8 /* CSLAboutVC.h */ = {isa = PBXFileReference; lastKnownFileType = sourcecode.c.h; path = CSLAboutVC.h; sourceTree = "<group>"; };
		CA5066402157889C00C3C9C8 /* CSLAboutVC.m */ = {isa = PBXFileReference; lastKnownFileType = sourcecode.c.objc; path = CSLAboutVC.m; sourceTree = "<group>"; };
		CA506643215996A000C3C9C8 /* digital-7 (mono).ttf */ = {isa = PBXFileReference; lastKnownFileType = file; path = "digital-7 (mono).ttf"; sourceTree = "<group>"; };
		CA57AA7621CAC45D00D081F9 /* LMGaugeView.m */ = {isa = PBXFileReference; fileEncoding = 4; lastKnownFileType = sourcecode.c.objc; path = LMGaugeView.m; sourceTree = "<group>"; };
		CA57AA7721CAC45E00D081F9 /* LMGaugeView.h */ = {isa = PBXFileReference; fileEncoding = 4; lastKnownFileType = sourcecode.c.h; path = LMGaugeView.h; sourceTree = "<group>"; };
		CA5C9B9F217FF7400079827C /* CSLBleReader+AccessControl.h */ = {isa = PBXFileReference; lastKnownFileType = sourcecode.c.h; path = "CSLBleReader+AccessControl.h"; sourceTree = "<group>"; };
		CA5C9BA0217FF7400079827C /* CSLBleReader+AccessControl.m */ = {isa = PBXFileReference; lastKnownFileType = sourcecode.c.objc; path = "CSLBleReader+AccessControl.m"; sourceTree = "<group>"; };
		CA78735F214CC153009B7FE6 /* CSLHomeVC.h */ = {isa = PBXFileReference; lastKnownFileType = sourcecode.c.h; path = CSLHomeVC.h; sourceTree = "<group>"; };
		CA787360214CC153009B7FE6 /* CSLHomeVC.m */ = {isa = PBXFileReference; lastKnownFileType = sourcecode.c.objc; path = CSLHomeVC.m; sourceTree = "<group>"; };
		CA787365214CC9C8009B7FE6 /* CSLTabVC.h */ = {isa = PBXFileReference; lastKnownFileType = sourcecode.c.h; path = CSLTabVC.h; sourceTree = "<group>"; };
		CA787366214CC9C8009B7FE6 /* CSLTabVC.m */ = {isa = PBXFileReference; lastKnownFileType = sourcecode.c.objc; path = CSLTabVC.m; sourceTree = "<group>"; };
		CA787368214CCA47009B7FE6 /* CSLSettingsVC.h */ = {isa = PBXFileReference; lastKnownFileType = sourcecode.c.h; path = CSLSettingsVC.h; sourceTree = "<group>"; };
		CA787369214CCA47009B7FE6 /* CSLSettingsVC.m */ = {isa = PBXFileReference; lastKnownFileType = sourcecode.c.objc; path = CSLSettingsVC.m; sourceTree = "<group>"; };
		CA78736B214CD49D009B7FE6 /* CSLInventoryVC.h */ = {isa = PBXFileReference; lastKnownFileType = sourcecode.c.h; path = CSLInventoryVC.h; sourceTree = "<group>"; };
		CA78736C214CD49D009B7FE6 /* CSLInventoryVC.m */ = {isa = PBXFileReference; lastKnownFileType = sourcecode.c.objc; path = CSLInventoryVC.m; sourceTree = "<group>"; };
		CA78736F214CD7C4009B7FE6 /* UIKit.framework */ = {isa = PBXFileReference; lastKnownFileType = wrapper.framework; name = UIKit.framework; path = System/Library/Frameworks/UIKit.framework; sourceTree = SDKROOT; };
		CA787371214CD7CF009B7FE6 /* Foundation.framework */ = {isa = PBXFileReference; lastKnownFileType = wrapper.framework; name = Foundation.framework; path = System/Library/Frameworks/Foundation.framework; sourceTree = SDKROOT; };
		CA7873762150DF7A009B7FE6 /* CSLDeviceTV.h */ = {isa = PBXFileReference; lastKnownFileType = sourcecode.c.h; path = CSLDeviceTV.h; sourceTree = "<group>"; };
		CA7873772150DF7A009B7FE6 /* CSLDeviceTV.m */ = {isa = PBXFileReference; lastKnownFileType = sourcecode.c.objc; path = CSLDeviceTV.m; sourceTree = "<group>"; };
		CA78737A21514E61009B7FE6 /* CSLRfidAppEngine.h */ = {isa = PBXFileReference; lastKnownFileType = sourcecode.c.h; path = CSLRfidAppEngine.h; sourceTree = "<group>"; };
		CA78737B21514E61009B7FE6 /* CSLRfidAppEngine.m */ = {isa = PBXFileReference; lastKnownFileType = sourcecode.c.objc; path = CSLRfidAppEngine.m; sourceTree = "<group>"; };
		CA78737D21543B6F009B7FE6 /* CSLReaderSettings.h */ = {isa = PBXFileReference; lastKnownFileType = sourcecode.c.h; path = CSLReaderSettings.h; sourceTree = "<group>"; };
		CA78737E21543B6F009B7FE6 /* CSLReaderSettings.m */ = {isa = PBXFileReference; lastKnownFileType = sourcecode.c.objc; path = CSLReaderSettings.m; sourceTree = "<group>"; };
		CA7873802155F59C009B7FE6 /* CSLReaderInfo.h */ = {isa = PBXFileReference; lastKnownFileType = sourcecode.c.h; path = CSLReaderInfo.h; sourceTree = "<group>"; };
		CA7873812155F59C009B7FE6 /* CSLReaderInfo.m */ = {isa = PBXFileReference; lastKnownFileType = sourcecode.c.objc; path = CSLReaderInfo.m; sourceTree = "<group>"; };
		CAB810832133E16F009D2F8F /* CoreBluetooth.framework */ = {isa = PBXFileReference; lastKnownFileType = wrapper.framework; name = CoreBluetooth.framework; path = System/Library/Frameworks/CoreBluetooth.framework; sourceTree = SDKROOT; };
		CABA714521325BF500D15BB1 /* CS108iOSClient.app */ = {isa = PBXFileReference; explicitFileType = wrapper.application; includeInIndex = 0; path = CS108iOSClient.app; sourceTree = BUILT_PRODUCTS_DIR; };
		CABA714821325BF500D15BB1 /* AppDelegate.h */ = {isa = PBXFileReference; lastKnownFileType = sourcecode.c.h; path = AppDelegate.h; sourceTree = "<group>"; };
		CABA714921325BF500D15BB1 /* AppDelegate.m */ = {isa = PBXFileReference; lastKnownFileType = sourcecode.c.objc; path = AppDelegate.m; sourceTree = "<group>"; };
		CABA715121325BF600D15BB1 /* Assets.xcassets */ = {isa = PBXFileReference; lastKnownFileType = folder.assetcatalog; path = Assets.xcassets; sourceTree = "<group>"; };
		CABA715421325BF600D15BB1 /* Base */ = {isa = PBXFileReference; lastKnownFileType = file.storyboard; name = Base; path = Base.lproj/LaunchScreen.storyboard; sourceTree = "<group>"; };
		CABA715621325BF600D15BB1 /* Info.plist */ = {isa = PBXFileReference; lastKnownFileType = text.plist.xml; path = Info.plist; sourceTree = "<group>"; };
		CABA715721325BF600D15BB1 /* main.m */ = {isa = PBXFileReference; lastKnownFileType = sourcecode.c.objc; path = main.m; sourceTree = "<group>"; };
		CABA71602132631F00D15BB1 /* CSLCircularQueue.m */ = {isa = PBXFileReference; fileEncoding = 4; lastKnownFileType = sourcecode.c.objc; path = CSLCircularQueue.m; sourceTree = "<group>"; };
		CABA71612132631F00D15BB1 /* CSLCircularQueue.h */ = {isa = PBXFileReference; fileEncoding = 4; lastKnownFileType = sourcecode.c.h; path = CSLCircularQueue.h; sourceTree = "<group>"; };
		CABA71622132631F00D15BB1 /* CSLBlePacket.h */ = {isa = PBXFileReference; fileEncoding = 4; lastKnownFileType = sourcecode.c.h; path = CSLBlePacket.h; sourceTree = "<group>"; };
		CABA71632132631F00D15BB1 /* CSLBleInterface.h */ = {isa = PBXFileReference; fileEncoding = 4; lastKnownFileType = sourcecode.c.h; path = CSLBleInterface.h; sourceTree = "<group>"; };
		CABA71642132631F00D15BB1 /* CSLBlePacket.m */ = {isa = PBXFileReference; fileEncoding = 4; lastKnownFileType = sourcecode.c.objc; path = CSLBlePacket.m; sourceTree = "<group>"; };
		CABA71652132631F00D15BB1 /* CSLBleInterface.m */ = {isa = PBXFileReference; fileEncoding = 4; lastKnownFileType = sourcecode.c.objc; path = CSLBleInterface.m; sourceTree = "<group>"; };
		CACFBBB921C8E4D0001161F6 /* CSLTagSearchVC.h */ = {isa = PBXFileReference; lastKnownFileType = sourcecode.c.h; path = CSLTagSearchVC.h; sourceTree = "<group>"; };
		CACFBBBA21C8E4D0001161F6 /* CSLTagSearchVC.m */ = {isa = PBXFileReference; lastKnownFileType = sourcecode.c.objc; path = CSLTagSearchVC.m; sourceTree = "<group>"; };
		CAD168552175AD6600DC218E /* CSLTagAccessVC.h */ = {isa = PBXFileReference; lastKnownFileType = sourcecode.c.h; path = CSLTagAccessVC.h; sourceTree = "<group>"; };
		CAD168562175AD6600DC218E /* CSLTagAccessVC.m */ = {isa = PBXFileReference; lastKnownFileType = sourcecode.c.objc; path = CSLTagAccessVC.m; sourceTree = "<group>"; };
		CADDF6A921DDF41E00E05D75 /* CoreGraphics.framework */ = {isa = PBXFileReference; lastKnownFileType = wrapper.framework; name = CoreGraphics.framework; path = System/Library/Frameworks/CoreGraphics.framework; sourceTree = SDKROOT; };
		CAECD0C0214973EF003321CF /* CSLRfidDemoApp.storyboard */ = {isa = PBXFileReference; lastKnownFileType = file.storyboard; path = CSLRfidDemoApp.storyboard; sourceTree = "<group>"; };
		CAF5CC2621626F1500C420EF /* CSLReaderBattery.h */ = {isa = PBXFileReference; lastKnownFileType = sourcecode.c.h; path = CSLReaderBattery.h; sourceTree = "<group>"; };
		CAF5CC2721626F1500C420EF /* CSLReaderBattery.m */ = {isa = PBXFileReference; lastKnownFileType = sourcecode.c.objc; path = CSLReaderBattery.m; sourceTree = "<group>"; };
		CAF5CC2921640E7F00C420EF /* CSLReaderBarcode.h */ = {isa = PBXFileReference; lastKnownFileType = sourcecode.c.h; path = CSLReaderBarcode.h; sourceTree = "<group>"; };
		CAF5CC2A21640E7F00C420EF /* CSLReaderBarcode.m */ = {isa = PBXFileReference; lastKnownFileType = sourcecode.c.objc; path = CSLReaderBarcode.m; sourceTree = "<group>"; };
/* End PBXFileReference section */

/* Begin PBXFrameworksBuildPhase section */
		CABA714221325BF500D15BB1 /* Frameworks */ = {
			isa = PBXFrameworksBuildPhase;
			buildActionMask = 2147483647;
			files = (
				CADDF6AA21DDF41E00E05D75 /* CoreGraphics.framework in Frameworks */,
				CA787372214CD7CF009B7FE6 /* Foundation.framework in Frameworks */,
				CA787370214CD7C4009B7FE6 /* UIKit.framework in Frameworks */,
				CAB810842133E16F009D2F8F /* CoreBluetooth.framework in Frameworks */,
			);
			runOnlyForDeploymentPostprocessing = 0;
		};
/* End PBXFrameworksBuildPhase section */

/* Begin PBXGroup section */
		CA5066422159962000C3C9C8 /* fonts */ = {
			isa = PBXGroup;
			children = (
				CA506643215996A000C3C9C8 /* digital-7 (mono).ttf */,
			);
			path = fonts;
			sourceTree = "<group>";
		};
		CA78735E214CC072009B7FE6 /* ViewControllers */ = {
			isa = PBXGroup;
			children = (
				CA57AA7721CAC45E00D081F9 /* LMGaugeView.h */,
				CA57AA7621CAC45D00D081F9 /* LMGaugeView.m */,
				CA78735F214CC153009B7FE6 /* CSLHomeVC.h */,
				CA787360214CC153009B7FE6 /* CSLHomeVC.m */,
				CA787365214CC9C8009B7FE6 /* CSLTabVC.h */,
				CA787366214CC9C8009B7FE6 /* CSLTabVC.m */,
				CA787368214CCA47009B7FE6 /* CSLSettingsVC.h */,
				CA787369214CCA47009B7FE6 /* CSLSettingsVC.m */,
				CA78736B214CD49D009B7FE6 /* CSLInventoryVC.h */,
				CA78736C214CD49D009B7FE6 /* CSLInventoryVC.m */,
				CA7873762150DF7A009B7FE6 /* CSLDeviceTV.h */,
				CA7873772150DF7A009B7FE6 /* CSLDeviceTV.m */,
				CA50663F2157889C00C3C9C8 /* CSLAboutVC.h */,
				CA5066402157889C00C3C9C8 /* CSLAboutVC.m */,
				CABA714821325BF500D15BB1 /* AppDelegate.h */,
				CABA714921325BF500D15BB1 /* AppDelegate.m */,
				CAD168552175AD6600DC218E /* CSLTagAccessVC.h */,
				CAD168562175AD6600DC218E /* CSLTagAccessVC.m */,
				CACFBBB921C8E4D0001161F6 /* CSLTagSearchVC.h */,
				CACFBBBA21C8E4D0001161F6 /* CSLTagSearchVC.m */,
				CA411CDD21D8C59F0029E779 /* CSLTagLockVC.h */,
				CA411CDE21D8C59F0029E779 /* CSLTagLockVC.m */,
			);
			path = ViewControllers;
			sourceTree = "<group>";
		};
		CA78736E214CD5E9009B7FE6 /* CSLReader */ = {
			isa = PBXGroup;
			children = (
				CABA71622132631F00D15BB1 /* CSLBlePacket.h */,
				CABA71642132631F00D15BB1 /* CSLBlePacket.m */,
				CA4E78E7213698DD0035F075 /* CSLBleTag.h */,
				CA4E78E8213698DD0035F075 /* CSLBleTag.m */,
				CABA71612132631F00D15BB1 /* CSLCircularQueue.h */,
				CABA71602132631F00D15BB1 /* CSLCircularQueue.m */,
				CABA71632132631F00D15BB1 /* CSLBleInterface.h */,
				CABA71652132631F00D15BB1 /* CSLBleInterface.m */,
				CA4E78E4213528FC0035F075 /* CSLBleReader.h */,
				CA4E78E5213528FC0035F075 /* CSLBleReader.m */,
				CA5C9B9F217FF7400079827C /* CSLBleReader+AccessControl.h */,
				CA5C9BA0217FF7400079827C /* CSLBleReader+AccessControl.m */,
			);
			path = CSLReader;
			sourceTree = "<group>";
		};
		CA78737921514DC9009B7FE6 /* model */ = {
			isa = PBXGroup;
			children = (
				CA78737A21514E61009B7FE6 /* CSLRfidAppEngine.h */,
				CA78737B21514E61009B7FE6 /* CSLRfidAppEngine.m */,
				CA78737D21543B6F009B7FE6 /* CSLReaderSettings.h */,
				CA78737E21543B6F009B7FE6 /* CSLReaderSettings.m */,
				CA7873802155F59C009B7FE6 /* CSLReaderInfo.h */,
				CA7873812155F59C009B7FE6 /* CSLReaderInfo.m */,
				CAF5CC2621626F1500C420EF /* CSLReaderBattery.h */,
				CAF5CC2721626F1500C420EF /* CSLReaderBattery.m */,
				CAF5CC2921640E7F00C420EF /* CSLReaderBarcode.h */,
				CAF5CC2A21640E7F00C420EF /* CSLReaderBarcode.m */,
			);
			path = model;
			sourceTree = "<group>";
		};
		CAB810822133E16F009D2F8F /* Frameworks */ = {
			isa = PBXGroup;
			children = (
				CADDF6A921DDF41E00E05D75 /* CoreGraphics.framework */,
				CA787371214CD7CF009B7FE6 /* Foundation.framework */,
				CA78736F214CD7C4009B7FE6 /* UIKit.framework */,
				CAB810832133E16F009D2F8F /* CoreBluetooth.framework */,
			);
			name = Frameworks;
			sourceTree = "<group>";
		};
		CABA713C21325BF500D15BB1 = {
			isa = PBXGroup;
			children = (
				CABA714721325BF500D15BB1 /* CS108iOSClient */,
				CABA714621325BF500D15BB1 /* Products */,
				CAB810822133E16F009D2F8F /* Frameworks */,
			);
			sourceTree = "<group>";
		};
		CABA714621325BF500D15BB1 /* Products */ = {
			isa = PBXGroup;
			children = (
				CABA714521325BF500D15BB1 /* CS108iOSClient.app */,
			);
			name = Products;
			sourceTree = "<group>";
		};
		CABA714721325BF500D15BB1 /* CS108iOSClient */ = {
			isa = PBXGroup;
			children = (
				CAECD0C0214973EF003321CF /* CSLRfidDemoApp.storyboard */,
				CABA715321325BF600D15BB1 /* LaunchScreen.storyboard */,
				CA78736E214CD5E9009B7FE6 /* CSLReader */,
				CA78735E214CC072009B7FE6 /* ViewControllers */,
				CA78737921514DC9009B7FE6 /* model */,
				CABA715121325BF600D15BB1 /* Assets.xcassets */,
				CABA715621325BF600D15BB1 /* Info.plist */,
				CABA715721325BF600D15BB1 /* main.m */,
				CA5066422159962000C3C9C8 /* fonts */,
			);
			path = CS108iOSClient;
			sourceTree = "<group>";
		};
/* End PBXGroup section */

/* Begin PBXNativeTarget section */
		CABA714421325BF500D15BB1 /* CS108iOSClient */ = {
			isa = PBXNativeTarget;
			buildConfigurationList = CABA715B21325BF600D15BB1 /* Build configuration list for PBXNativeTarget "CS108iOSClient" */;
			buildPhases = (
				CABA714121325BF500D15BB1 /* Sources */,
				CABA714221325BF500D15BB1 /* Frameworks */,
				CABA714321325BF500D15BB1 /* Resources */,
			);
			buildRules = (
			);
			dependencies = (
			);
			name = CS108iOSClient;
			productName = CS108iOSClient;
			productReference = CABA714521325BF500D15BB1 /* CS108iOSClient.app */;
			productType = "com.apple.product-type.application";
		};
/* End PBXNativeTarget section */

/* Begin PBXProject section */
		CABA713D21325BF500D15BB1 /* Project object */ = {
			isa = PBXProject;
			attributes = {
				LastUpgradeCheck = 0940;
				ORGANIZATIONNAME = "Convergence Systems Limited";
				TargetAttributes = {
					CABA714421325BF500D15BB1 = {
						CreatedOnToolsVersion = 9.4.1;
						SystemCapabilities = {
							com.apple.BackgroundModes = {
								enabled = 1;
							};
						};
					};
				};
			};
			buildConfigurationList = CABA714021325BF500D15BB1 /* Build configuration list for PBXProject "CS108iOSClient" */;
			compatibilityVersion = "Xcode 9.3";
			developmentRegion = en;
			hasScannedForEncodings = 0;
			knownRegions = (
				en,
				Base,
			);
			mainGroup = CABA713C21325BF500D15BB1;
			productRefGroup = CABA714621325BF500D15BB1 /* Products */;
			projectDirPath = "";
			projectRoot = "";
			targets = (
				CABA714421325BF500D15BB1 /* CS108iOSClient */,
			);
		};
/* End PBXProject section */

/* Begin PBXResourcesBuildPhase section */
		CABA714321325BF500D15BB1 /* Resources */ = {
			isa = PBXResourcesBuildPhase;
			buildActionMask = 2147483647;
			files = (
				CABA715521325BF600D15BB1 /* LaunchScreen.storyboard in Resources */,
				CAECD0C1214973EF003321CF /* CSLRfidDemoApp.storyboard in Resources */,
				CABA715221325BF600D15BB1 /* Assets.xcassets in Resources */,
				CA506644215996A000C3C9C8 /* digital-7 (mono).ttf in Resources */,
			);
			runOnlyForDeploymentPostprocessing = 0;
		};
/* End PBXResourcesBuildPhase section */

/* Begin PBXSourcesBuildPhase section */
		CABA714121325BF500D15BB1 /* Sources */ = {
			isa = PBXSourcesBuildPhase;
			buildActionMask = 2147483647;
			files = (
				CABA71682132631F00D15BB1 /* CSLBleInterface.m in Sources */,
				CA78737C21514E61009B7FE6 /* CSLRfidAppEngine.m in Sources */,
				CA5066412157889C00C3C9C8 /* CSLAboutVC.m in Sources */,
				CABA71662132631F00D15BB1 /* CSLCircularQueue.m in Sources */,
				CA787367214CC9C8009B7FE6 /* CSLTabVC.m in Sources */,
				CA7873782150DF7A009B7FE6 /* CSLDeviceTV.m in Sources */,
				CA411CDF21D8C59F0029E779 /* CSLTagLockVC.m in Sources */,
				CA78736D214CD49D009B7FE6 /* CSLInventoryVC.m in Sources */,
				CA57AA7821CAC45E00D081F9 /* LMGaugeView.m in Sources */,
				CAF5CC2821626F1500C420EF /* CSLReaderBattery.m in Sources */,
				CABA71672132631F00D15BB1 /* CSLBlePacket.m in Sources */,
				CA787361214CC154009B7FE6 /* CSLHomeVC.m in Sources */,
				CABA715821325BF600D15BB1 /* main.m in Sources */,
				CABA714A21325BF500D15BB1 /* AppDelegate.m in Sources */,
				CACFBBBB21C8E4D0001161F6 /* CSLTagSearchVC.m in Sources */,
				CA5C9BA1217FF7400079827C /* CSLBleReader+AccessControl.m in Sources */,
				CAF5CC2B21640E7F00C420EF /* CSLReaderBarcode.m in Sources */,
				CA7873822155F59C009B7FE6 /* CSLReaderInfo.m in Sources */,
				CA4E78E6213528FC0035F075 /* CSLBleReader.m in Sources */,
				CA78737F21543B6F009B7FE6 /* CSLReaderSettings.m in Sources */,
				CA78736A214CCA47009B7FE6 /* CSLSettingsVC.m in Sources */,
				CAD168572175AD6600DC218E /* CSLTagAccessVC.m in Sources */,
				CA4E78E9213698DD0035F075 /* CSLBleTag.m in Sources */,
			);
			runOnlyForDeploymentPostprocessing = 0;
		};
/* End PBXSourcesBuildPhase section */

/* Begin PBXVariantGroup section */
		CABA715321325BF600D15BB1 /* LaunchScreen.storyboard */ = {
			isa = PBXVariantGroup;
			children = (
				CABA715421325BF600D15BB1 /* Base */,
			);
			name = LaunchScreen.storyboard;
			sourceTree = "<group>";
		};
/* End PBXVariantGroup section */

/* Begin XCBuildConfiguration section */
		CABA715921325BF600D15BB1 /* Debug */ = {
			isa = XCBuildConfiguration;
			buildSettings = {
				ALWAYS_SEARCH_USER_PATHS = NO;
				CLANG_ANALYZER_NONNULL = YES;
				CLANG_ANALYZER_NUMBER_OBJECT_CONVERSION = YES_AGGRESSIVE;
				CLANG_CXX_LANGUAGE_STANDARD = "gnu++14";
				CLANG_CXX_LIBRARY = "libc++";
				CLANG_ENABLE_MODULES = YES;
				CLANG_ENABLE_OBJC_ARC = YES;
				CLANG_ENABLE_OBJC_WEAK = YES;
				CLANG_WARN_BLOCK_CAPTURE_AUTORELEASING = YES;
				CLANG_WARN_BOOL_CONVERSION = YES;
				CLANG_WARN_COMMA = YES;
				CLANG_WARN_CONSTANT_CONVERSION = YES;
				CLANG_WARN_DEPRECATED_OBJC_IMPLEMENTATIONS = YES;
				CLANG_WARN_DIRECT_OBJC_ISA_USAGE = YES_ERROR;
				CLANG_WARN_DOCUMENTATION_COMMENTS = YES;
				CLANG_WARN_EMPTY_BODY = YES;
				CLANG_WARN_ENUM_CONVERSION = YES;
				CLANG_WARN_INFINITE_RECURSION = YES;
				CLANG_WARN_INT_CONVERSION = YES;
				CLANG_WARN_NON_LITERAL_NULL_CONVERSION = YES;
				CLANG_WARN_OBJC_IMPLICIT_RETAIN_SELF = YES;
				CLANG_WARN_OBJC_LITERAL_CONVERSION = YES;
				CLANG_WARN_OBJC_ROOT_CLASS = YES_ERROR;
				CLANG_WARN_RANGE_LOOP_ANALYSIS = YES;
				CLANG_WARN_STRICT_PROTOTYPES = YES;
				CLANG_WARN_SUSPICIOUS_MOVE = YES;
				CLANG_WARN_UNGUARDED_AVAILABILITY = YES_AGGRESSIVE;
				CLANG_WARN_UNREACHABLE_CODE = YES;
				CLANG_WARN__DUPLICATE_METHOD_MATCH = YES;
				CODE_SIGN_IDENTITY = "iPhone Developer";
				COPY_PHASE_STRIP = NO;
				DEBUG_INFORMATION_FORMAT = dwarf;
				ENABLE_STRICT_OBJC_MSGSEND = YES;
				ENABLE_TESTABILITY = YES;
				GCC_C_LANGUAGE_STANDARD = gnu11;
				GCC_DYNAMIC_NO_PIC = NO;
				GCC_NO_COMMON_BLOCKS = YES;
				GCC_OPTIMIZATION_LEVEL = 0;
				GCC_PREPROCESSOR_DEFINITIONS = (
					"DEBUG=1",
					"$(inherited)",
				);
				GCC_WARN_64_TO_32_BIT_CONVERSION = YES;
				GCC_WARN_ABOUT_RETURN_TYPE = YES_ERROR;
				GCC_WARN_UNDECLARED_SELECTOR = YES;
				GCC_WARN_UNINITIALIZED_AUTOS = YES_AGGRESSIVE;
				GCC_WARN_UNUSED_FUNCTION = YES;
				GCC_WARN_UNUSED_VARIABLE = YES;
				IPHONEOS_DEPLOYMENT_TARGET = 11.4;
				MTL_ENABLE_DEBUG_INFO = YES;
				ONLY_ACTIVE_ARCH = YES;
				SDKROOT = iphoneos;
			};
			name = Debug;
		};
		CABA715A21325BF600D15BB1 /* Release */ = {
			isa = XCBuildConfiguration;
			buildSettings = {
				ALWAYS_SEARCH_USER_PATHS = NO;
				CLANG_ANALYZER_NONNULL = YES;
				CLANG_ANALYZER_NUMBER_OBJECT_CONVERSION = YES_AGGRESSIVE;
				CLANG_CXX_LANGUAGE_STANDARD = "gnu++14";
				CLANG_CXX_LIBRARY = "libc++";
				CLANG_ENABLE_MODULES = YES;
				CLANG_ENABLE_OBJC_ARC = YES;
				CLANG_ENABLE_OBJC_WEAK = YES;
				CLANG_WARN_BLOCK_CAPTURE_AUTORELEASING = YES;
				CLANG_WARN_BOOL_CONVERSION = YES;
				CLANG_WARN_COMMA = YES;
				CLANG_WARN_CONSTANT_CONVERSION = YES;
				CLANG_WARN_DEPRECATED_OBJC_IMPLEMENTATIONS = YES;
				CLANG_WARN_DIRECT_OBJC_ISA_USAGE = YES_ERROR;
				CLANG_WARN_DOCUMENTATION_COMMENTS = YES;
				CLANG_WARN_EMPTY_BODY = YES;
				CLANG_WARN_ENUM_CONVERSION = YES;
				CLANG_WARN_INFINITE_RECURSION = YES;
				CLANG_WARN_INT_CONVERSION = YES;
				CLANG_WARN_NON_LITERAL_NULL_CONVERSION = YES;
				CLANG_WARN_OBJC_IMPLICIT_RETAIN_SELF = YES;
				CLANG_WARN_OBJC_LITERAL_CONVERSION = YES;
				CLANG_WARN_OBJC_ROOT_CLASS = YES_ERROR;
				CLANG_WARN_RANGE_LOOP_ANALYSIS = YES;
				CLANG_WARN_STRICT_PROTOTYPES = YES;
				CLANG_WARN_SUSPICIOUS_MOVE = YES;
				CLANG_WARN_UNGUARDED_AVAILABILITY = YES_AGGRESSIVE;
				CLANG_WARN_UNREACHABLE_CODE = YES;
				CLANG_WARN__DUPLICATE_METHOD_MATCH = YES;
				CODE_SIGN_IDENTITY = "iPhone Developer";
				COPY_PHASE_STRIP = NO;
				DEBUG_INFORMATION_FORMAT = "dwarf-with-dsym";
				ENABLE_NS_ASSERTIONS = NO;
				ENABLE_STRICT_OBJC_MSGSEND = YES;
				GCC_C_LANGUAGE_STANDARD = gnu11;
				GCC_NO_COMMON_BLOCKS = YES;
				GCC_WARN_64_TO_32_BIT_CONVERSION = YES;
				GCC_WARN_ABOUT_RETURN_TYPE = YES_ERROR;
				GCC_WARN_UNDECLARED_SELECTOR = YES;
				GCC_WARN_UNINITIALIZED_AUTOS = YES_AGGRESSIVE;
				GCC_WARN_UNUSED_FUNCTION = YES;
				GCC_WARN_UNUSED_VARIABLE = YES;
				IPHONEOS_DEPLOYMENT_TARGET = 11.4;
				MTL_ENABLE_DEBUG_INFO = NO;
				SDKROOT = iphoneos;
				VALIDATE_PRODUCT = YES;
			};
			name = Release;
		};
		CABA715C21325BF600D15BB1 /* Debug */ = {
			isa = XCBuildConfiguration;
			buildSettings = {
				ASSETCATALOG_COMPILER_APPICON_NAME = AppIcon;
				CODE_SIGN_STYLE = Automatic;
				DEVELOPMENT_TEAM = ZDHT9HGJF7;
				INFOPLIST_FILE = CS108iOSClient/Info.plist;
				LD_RUNPATH_SEARCH_PATHS = (
					"$(inherited)",
					"@executable_path/Frameworks",
				);
				PRODUCT_BUNDLE_IDENTIFIER = com.csl.CS108iOSClient;
				PRODUCT_NAME = "$(TARGET_NAME)";
				TARGETED_DEVICE_FAMILY = "1,2";
			};
			name = Debug;
		};
		CABA715D21325BF600D15BB1 /* Release */ = {
			isa = XCBuildConfiguration;
			buildSettings = {
				ASSETCATALOG_COMPILER_APPICON_NAME = AppIcon;
				CODE_SIGN_STYLE = Automatic;
				DEVELOPMENT_TEAM = ZDHT9HGJF7;
				INFOPLIST_FILE = CS108iOSClient/Info.plist;
				LD_RUNPATH_SEARCH_PATHS = (
					"$(inherited)",
					"@executable_path/Frameworks",
				);
				PRODUCT_BUNDLE_IDENTIFIER = com.csl.CS108iOSClient;
				PRODUCT_NAME = "$(TARGET_NAME)";
				TARGETED_DEVICE_FAMILY = "1,2";
			};
			name = Release;
		};
/* End XCBuildConfiguration section */

/* Begin XCConfigurationList section */
		CABA714021325BF500D15BB1 /* Build configuration list for PBXProject "CS108iOSClient" */ = {
			isa = XCConfigurationList;
			buildConfigurations = (
				CABA715921325BF600D15BB1 /* Debug */,
				CABA715A21325BF600D15BB1 /* Release */,
			);
			defaultConfigurationIsVisible = 0;
			defaultConfigurationName = Release;
		};
		CABA715B21325BF600D15BB1 /* Build configuration list for PBXNativeTarget "CS108iOSClient" */ = {
			isa = XCConfigurationList;
			buildConfigurations = (
				CABA715C21325BF600D15BB1 /* Debug */,
				CABA715D21325BF600D15BB1 /* Release */,
			);
			defaultConfigurationIsVisible = 0;
			defaultConfigurationName = Release;
		};
/* End XCConfigurationList section */
	};
	rootObject = CABA713D21325BF500D15BB1 /* Project object */;
}
