// !$*UTF8*$!
{
	archiveVersion = 1;
	classes = {
	};
	objectVersion = 50;
	objects = {

/* Begin PBXBuildFile section */
		CA150B70236C0DFB00ACF53D /* CSLAntennaPortVC.m in Sources */ = {isa = PBXBuildFile; fileRef = CA150B6F236C0DFB00ACF53D /* CSLAntennaPortVC.m */; };
		CA33BF8E2600EE8A00835159 /* CSLPrefilterVC.m in Sources */ = {isa = PBXBuildFile; fileRef = CA33BF8D2600EE8A00835159 /* CSLPrefilterVC.m */; };
		CA33BF912600EEAF00835159 /* CSLPostfilterVC.m in Sources */ = {isa = PBXBuildFile; fileRef = CA33BF902600EEAF00835159 /* CSLPostfilterVC.m */; };
		CA411CDF21D8C59F0029E779 /* CSLTagLockVC.m in Sources */ = {isa = PBXBuildFile; fileRef = CA411CDE21D8C59F0029E779 /* CSLTagLockVC.m */; };
		CA4661A1223AD3A80028333B /* CSLTemperatureTagSettingsVC.m in Sources */ = {isa = PBXBuildFile; fileRef = CA4661A0223AD3A80028333B /* CSLTemperatureTagSettingsVC.m */; };
		CA4D5CA0222860DA007A55B3 /* CSLTemperatureTabVC.m in Sources */ = {isa = PBXBuildFile; fileRef = CA4D5C9F222860DA007A55B3 /* CSLTemperatureTabVC.m */; };
		CA4D5CA32228EF91007A55B3 /* CSLTemperatureReadVC.m in Sources */ = {isa = PBXBuildFile; fileRef = CA4D5CA22228EF91007A55B3 /* CSLTemperatureReadVC.m */; };
		CA5066412157889C00C3C9C8 /* CSLAboutVC.m in Sources */ = {isa = PBXBuildFile; fileRef = CA5066402157889C00C3C9C8 /* CSLAboutVC.m */; };
		CA506644215996A000C3C9C8 /* digital-7 (mono).ttf in Resources */ = {isa = PBXBuildFile; fileRef = CA506643215996A000C3C9C8 /* digital-7 (mono).ttf */; };
		CA57AA7821CAC45E00D081F9 /* LMGaugeView.m in Sources */ = {isa = PBXBuildFile; fileRef = CA57AA7621CAC45D00D081F9 /* LMGaugeView.m */; };
		CA5C059421E4517D00E68E44 /* CSLMQTTClientSettings.m in Sources */ = {isa = PBXBuildFile; fileRef = CA5C059321E4517D00E68E44 /* CSLMQTTClientSettings.m */; };
		CA722980222AB13300D8C2CF /* CSLTemperatureTagListCell.m in Sources */ = {isa = PBXBuildFile; fileRef = CA72297E222AB13300D8C2CF /* CSLTemperatureTagListCell.m */; };
		CA722981222AB13300D8C2CF /* CSLTemperatureTagListCell.xib in Resources */ = {isa = PBXBuildFile; fileRef = CA72297F222AB13300D8C2CF /* CSLTemperatureTagListCell.xib */; };
		CA787361214CC154009B7FE6 /* CSLHomeVC.m in Sources */ = {isa = PBXBuildFile; fileRef = CA787360214CC153009B7FE6 /* CSLHomeVC.m */; };
		CA787367214CC9C8009B7FE6 /* CSLTabVC.m in Sources */ = {isa = PBXBuildFile; fileRef = CA787366214CC9C8009B7FE6 /* CSLTabVC.m */; };
		CA78736A214CCA47009B7FE6 /* CSLSettingsVC.m in Sources */ = {isa = PBXBuildFile; fileRef = CA787369214CCA47009B7FE6 /* CSLSettingsVC.m */; };
		CA78736D214CD49D009B7FE6 /* CSLInventoryVC.m in Sources */ = {isa = PBXBuildFile; fileRef = CA78736C214CD49D009B7FE6 /* CSLInventoryVC.m */; };
		CA787370214CD7C4009B7FE6 /* UIKit.framework in Frameworks */ = {isa = PBXBuildFile; fileRef = CA78736F214CD7C4009B7FE6 /* UIKit.framework */; };
		CA787372214CD7CF009B7FE6 /* Foundation.framework in Frameworks */ = {isa = PBXBuildFile; fileRef = CA787371214CD7CF009B7FE6 /* Foundation.framework */; settings = {ATTRIBUTES = (Required, ); }; };
		CA7873782150DF7A009B7FE6 /* CSLDeviceTV.m in Sources */ = {isa = PBXBuildFile; fileRef = CA7873772150DF7A009B7FE6 /* CSLDeviceTV.m */; };
		CA8212BA236B1C4000911EF2 /* CSLPowerLevelVC.m in Sources */ = {isa = PBXBuildFile; fileRef = CA8212B9236B1C4000911EF2 /* CSLPowerLevelVC.m */; };
		CAA89F45223D23D50066B601 /* CSLTemperatureUploadVC.m in Sources */ = {isa = PBXBuildFile; fileRef = CAA89F44223D23D50066B601 /* CSLTemperatureUploadVC.m */; };
		CAB31377221A75330048DA62 /* CSLTagListCell.m in Sources */ = {isa = PBXBuildFile; fileRef = CAB31375221A75330048DA62 /* CSLTagListCell.m */; };
		CAB31378221A75330048DA62 /* CSLTagListCell.xib in Resources */ = {isa = PBXBuildFile; fileRef = CAB31376221A75330048DA62 /* CSLTagListCell.xib */; };
		CAB3137B221BE17D0048DA62 /* CSLMoreFunctionsVC.m in Sources */ = {isa = PBXBuildFile; fileRef = CAB3137A221BE17D0048DA62 /* CSLMoreFunctionsVC.m */; };
		CAB810842133E16F009D2F8F /* CoreBluetooth.framework in Frameworks */ = {isa = PBXBuildFile; fileRef = CAB810832133E16F009D2F8F /* CoreBluetooth.framework */; };
		CABA714A21325BF500D15BB1 /* AppDelegate.m in Sources */ = {isa = PBXBuildFile; fileRef = CABA714921325BF500D15BB1 /* AppDelegate.m */; };
		CABA715221325BF600D15BB1 /* Assets.xcassets in Resources */ = {isa = PBXBuildFile; fileRef = CABA715121325BF600D15BB1 /* Assets.xcassets */; };
		CABA715521325BF600D15BB1 /* LaunchScreen.storyboard in Resources */ = {isa = PBXBuildFile; fileRef = CABA715321325BF600D15BB1 /* LaunchScreen.storyboard */; };
		CABA715821325BF600D15BB1 /* main.m in Sources */ = {isa = PBXBuildFile; fileRef = CABA715721325BF600D15BB1 /* main.m */; };
		CAC0A62A272CFB99000CD6DA /* CSLTagKillVC.m in Sources */ = {isa = PBXBuildFile; fileRef = CAC0A629272CFB99000CD6DA /* CSLTagKillVC.m */; };
		CACFBBBB21C8E4D0001161F6 /* CSLTagSearchVC.m in Sources */ = {isa = PBXBuildFile; fileRef = CACFBBBA21C8E4D0001161F6 /* CSLTagSearchVC.m */; };
		CAD168572175AD6600DC218E /* CSLTagAccessVC.m in Sources */ = {isa = PBXBuildFile; fileRef = CAD168562175AD6600DC218E /* CSLTagAccessVC.m */; };
		CADDF6AA21DDF41E00E05D75 /* CoreGraphics.framework in Frameworks */ = {isa = PBXBuildFile; fileRef = CADDF6A921DDF41E00E05D75 /* CoreGraphics.framework */; };
		CAE95309222DA3DE00C4EC73 /* CSLTemperatureDetailsVC.m in Sources */ = {isa = PBXBuildFile; fileRef = CAE95308222DA3DE00C4EC73 /* CSLTemperatureDetailsVC.m */; };
		CAECD0C1214973EF003321CF /* CSLRfidDemoApp.storyboard in Resources */ = {isa = PBXBuildFile; fileRef = CAECD0C0214973EF003321CF /* CSLRfidDemoApp.storyboard */; };
		CAF79C6C260091E900C2F5F6 /* CSLFilterTabVC.m in Sources */ = {isa = PBXBuildFile; fileRef = CAF79C6B260091E900C2F5F6 /* CSLFilterTabVC.m */; };
		CAF8351D2226901B002F90AC /* Lato-Bold.ttf in Resources */ = {isa = PBXBuildFile; fileRef = CAF8351922268F96002F90AC /* Lato-Bold.ttf */; };
		CAF8351E2226901D002F90AC /* Lato-Italic.ttf in Resources */ = {isa = PBXBuildFile; fileRef = CAF8351C22268F97002F90AC /* Lato-Italic.ttf */; };
		CAF8351F22269021002F90AC /* Lato-Regular.ttf in Resources */ = {isa = PBXBuildFile; fileRef = CAF8351A22268F97002F90AC /* Lato-Regular.ttf */; };
		CAF8352022269024002F90AC /* Lato-Light.ttf in Resources */ = {isa = PBXBuildFile; fileRef = CAF8351B22268F97002F90AC /* Lato-Light.ttf */; };
		CAFF2698221D3F7000D89112 /* CSLMultibankAccessVC.m in Sources */ = {isa = PBXBuildFile; fileRef = CAFF2697221D3F7000D89112 /* CSLMultibankAccessVC.m */; };
		F5ECCDD9EA81EA7C6A3EFD87 /* Pods_CS108iOSClient.framework in Frameworks */ = {isa = PBXBuildFile; fileRef = 88353A6E485674B1C2AB0B20 /* Pods_CS108iOSClient.framework */; };
/* End PBXBuildFile section */

/* Begin PBXCopyFilesBuildPhase section */
		CA4661A4223B49430028333B /* Embed Frameworks */ = {
			isa = PBXCopyFilesBuildPhase;
			buildActionMask = 2147483647;
			dstPath = "";
			dstSubfolderSpec = 10;
			files = (
			);
			name = "Embed Frameworks";
			runOnlyForDeploymentPostprocessing = 0;
		};
/* End PBXCopyFilesBuildPhase section */

/* Begin PBXFileReference section */
		84CF1AC1DC7B7241A83886CF /* Pods-CS108iOSClient.debug.xcconfig */ = {isa = PBXFileReference; includeInIndex = 1; lastKnownFileType = text.xcconfig; name = "Pods-CS108iOSClient.debug.xcconfig"; path = "Target Support Files/Pods-CS108iOSClient/Pods-CS108iOSClient.debug.xcconfig"; sourceTree = "<group>"; };
		88353A6E485674B1C2AB0B20 /* Pods_CS108iOSClient.framework */ = {isa = PBXFileReference; explicitFileType = wrapper.framework; includeInIndex = 0; path = Pods_CS108iOSClient.framework; sourceTree = BUILT_PRODUCTS_DIR; };
		8C38EEE82B5D5911C071188B /* Pods-CS108iOSClient.release.xcconfig */ = {isa = PBXFileReference; includeInIndex = 1; lastKnownFileType = text.xcconfig; name = "Pods-CS108iOSClient.release.xcconfig"; path = "Target Support Files/Pods-CS108iOSClient/Pods-CS108iOSClient.release.xcconfig"; sourceTree = "<group>"; };
		CA150B6E236C0DFB00ACF53D /* CSLAntennaPortVC.h */ = {isa = PBXFileReference; lastKnownFileType = sourcecode.c.h; path = CSLAntennaPortVC.h; sourceTree = "<group>"; };
		CA150B6F236C0DFB00ACF53D /* CSLAntennaPortVC.m */ = {isa = PBXFileReference; lastKnownFileType = sourcecode.c.objc; path = CSLAntennaPortVC.m; sourceTree = "<group>"; };
		CA33BF8C2600EE8A00835159 /* CSLPrefilterVC.h */ = {isa = PBXFileReference; lastKnownFileType = sourcecode.c.h; path = CSLPrefilterVC.h; sourceTree = "<group>"; };
		CA33BF8D2600EE8A00835159 /* CSLPrefilterVC.m */ = {isa = PBXFileReference; lastKnownFileType = sourcecode.c.objc; path = CSLPrefilterVC.m; sourceTree = "<group>"; };
		CA33BF8F2600EEAF00835159 /* CSLPostfilterVC.h */ = {isa = PBXFileReference; lastKnownFileType = sourcecode.c.h; path = CSLPostfilterVC.h; sourceTree = "<group>"; };
		CA33BF902600EEAF00835159 /* CSLPostfilterVC.m */ = {isa = PBXFileReference; lastKnownFileType = sourcecode.c.objc; path = CSLPostfilterVC.m; sourceTree = "<group>"; };
		CA411CDD21D8C59F0029E779 /* CSLTagLockVC.h */ = {isa = PBXFileReference; lastKnownFileType = sourcecode.c.h; path = CSLTagLockVC.h; sourceTree = "<group>"; };
		CA411CDE21D8C59F0029E779 /* CSLTagLockVC.m */ = {isa = PBXFileReference; lastKnownFileType = sourcecode.c.objc; path = CSLTagLockVC.m; sourceTree = "<group>"; };
		CA46619F223AD3A80028333B /* CSLTemperatureTagSettingsVC.h */ = {isa = PBXFileReference; lastKnownFileType = sourcecode.c.h; path = CSLTemperatureTagSettingsVC.h; sourceTree = "<group>"; };
		CA4661A0223AD3A80028333B /* CSLTemperatureTagSettingsVC.m */ = {isa = PBXFileReference; lastKnownFileType = sourcecode.c.objc; path = CSLTemperatureTagSettingsVC.m; sourceTree = "<group>"; };
		CA4D5C9E222860DA007A55B3 /* CSLTemperatureTabVC.h */ = {isa = PBXFileReference; lastKnownFileType = sourcecode.c.h; path = CSLTemperatureTabVC.h; sourceTree = "<group>"; };
		CA4D5C9F222860DA007A55B3 /* CSLTemperatureTabVC.m */ = {isa = PBXFileReference; lastKnownFileType = sourcecode.c.objc; path = CSLTemperatureTabVC.m; sourceTree = "<group>"; };
		CA4D5CA12228EF91007A55B3 /* CSLTemperatureReadVC.h */ = {isa = PBXFileReference; lastKnownFileType = sourcecode.c.h; path = CSLTemperatureReadVC.h; sourceTree = "<group>"; };
		CA4D5CA22228EF91007A55B3 /* CSLTemperatureReadVC.m */ = {isa = PBXFileReference; lastKnownFileType = sourcecode.c.objc; path = CSLTemperatureReadVC.m; sourceTree = "<group>"; };
		CA50663F2157889C00C3C9C8 /* CSLAboutVC.h */ = {isa = PBXFileReference; lastKnownFileType = sourcecode.c.h; path = CSLAboutVC.h; sourceTree = "<group>"; };
		CA5066402157889C00C3C9C8 /* CSLAboutVC.m */ = {isa = PBXFileReference; lastKnownFileType = sourcecode.c.objc; path = CSLAboutVC.m; sourceTree = "<group>"; };
		CA506643215996A000C3C9C8 /* digital-7 (mono).ttf */ = {isa = PBXFileReference; lastKnownFileType = file; path = "digital-7 (mono).ttf"; sourceTree = "<group>"; };
		CA57AA7621CAC45D00D081F9 /* LMGaugeView.m */ = {isa = PBXFileReference; fileEncoding = 4; lastKnownFileType = sourcecode.c.objc; path = LMGaugeView.m; sourceTree = "<group>"; };
		CA57AA7721CAC45E00D081F9 /* LMGaugeView.h */ = {isa = PBXFileReference; fileEncoding = 4; lastKnownFileType = sourcecode.c.h; path = LMGaugeView.h; sourceTree = "<group>"; };
		CA5C059221E4517D00E68E44 /* CSLMQTTClientSettings.h */ = {isa = PBXFileReference; lastKnownFileType = sourcecode.c.h; path = CSLMQTTClientSettings.h; sourceTree = "<group>"; };
		CA5C059321E4517D00E68E44 /* CSLMQTTClientSettings.m */ = {isa = PBXFileReference; lastKnownFileType = sourcecode.c.objc; path = CSLMQTTClientSettings.m; sourceTree = "<group>"; };
		CA72297D222AB13300D8C2CF /* CSLTemperatureTagListCell.h */ = {isa = PBXFileReference; lastKnownFileType = sourcecode.c.h; path = CSLTemperatureTagListCell.h; sourceTree = "<group>"; };
		CA72297E222AB13300D8C2CF /* CSLTemperatureTagListCell.m */ = {isa = PBXFileReference; lastKnownFileType = sourcecode.c.objc; path = CSLTemperatureTagListCell.m; sourceTree = "<group>"; };
		CA72297F222AB13300D8C2CF /* CSLTemperatureTagListCell.xib */ = {isa = PBXFileReference; lastKnownFileType = file.xib; path = CSLTemperatureTagListCell.xib; sourceTree = "<group>"; };
		CA78735F214CC153009B7FE6 /* CSLHomeVC.h */ = {isa = PBXFileReference; lastKnownFileType = sourcecode.c.h; path = CSLHomeVC.h; sourceTree = "<group>"; };
		CA787360214CC153009B7FE6 /* CSLHomeVC.m */ = {isa = PBXFileReference; lastKnownFileType = sourcecode.c.objc; path = CSLHomeVC.m; sourceTree = "<group>"; };
		CA787365214CC9C8009B7FE6 /* CSLTabVC.h */ = {isa = PBXFileReference; lastKnownFileType = sourcecode.c.h; path = CSLTabVC.h; sourceTree = "<group>"; };
		CA787366214CC9C8009B7FE6 /* CSLTabVC.m */ = {isa = PBXFileReference; lastKnownFileType = sourcecode.c.objc; path = CSLTabVC.m; sourceTree = "<group>"; };
		CA787368214CCA47009B7FE6 /* CSLSettingsVC.h */ = {isa = PBXFileReference; lastKnownFileType = sourcecode.c.h; path = CSLSettingsVC.h; sourceTree = "<group>"; };
		CA787369214CCA47009B7FE6 /* CSLSettingsVC.m */ = {isa = PBXFileReference; lastKnownFileType = sourcecode.c.objc; path = CSLSettingsVC.m; sourceTree = "<group>"; };
		CA78736B214CD49D009B7FE6 /* CSLInventoryVC.h */ = {isa = PBXFileReference; lastKnownFileType = sourcecode.c.h; path = CSLInventoryVC.h; sourceTree = "<group>"; };
		CA78736C214CD49D009B7FE6 /* CSLInventoryVC.m */ = {isa = PBXFileReference; lastKnownFileType = sourcecode.c.objc; path = CSLInventoryVC.m; sourceTree = "<group>"; };
		CA78736F214CD7C4009B7FE6 /* UIKit.framework */ = {isa = PBXFileReference; lastKnownFileType = wrapper.framework; name = UIKit.framework; path = System/Library/Frameworks/UIKit.framework; sourceTree = SDKROOT; };
		CA787371214CD7CF009B7FE6 /* Foundation.framework */ = {isa = PBXFileReference; lastKnownFileType = wrapper.framework; name = Foundation.framework; path = System/Library/Frameworks/Foundation.framework; sourceTree = SDKROOT; };
		CA7873762150DF7A009B7FE6 /* CSLDeviceTV.h */ = {isa = PBXFileReference; lastKnownFileType = sourcecode.c.h; path = CSLDeviceTV.h; sourceTree = "<group>"; };
		CA7873772150DF7A009B7FE6 /* CSLDeviceTV.m */ = {isa = PBXFileReference; lastKnownFileType = sourcecode.c.objc; path = CSLDeviceTV.m; sourceTree = "<group>"; };
		CA8212B8236B1C4000911EF2 /* CSLPowerLevelVC.h */ = {isa = PBXFileReference; lastKnownFileType = sourcecode.c.h; path = CSLPowerLevelVC.h; sourceTree = "<group>"; };
		CA8212B9236B1C4000911EF2 /* CSLPowerLevelVC.m */ = {isa = PBXFileReference; lastKnownFileType = sourcecode.c.objc; path = CSLPowerLevelVC.m; sourceTree = "<group>"; };
		CAA89F43223D23D50066B601 /* CSLTemperatureUploadVC.h */ = {isa = PBXFileReference; lastKnownFileType = sourcecode.c.h; path = CSLTemperatureUploadVC.h; sourceTree = "<group>"; };
		CAA89F44223D23D50066B601 /* CSLTemperatureUploadVC.m */ = {isa = PBXFileReference; lastKnownFileType = sourcecode.c.objc; path = CSLTemperatureUploadVC.m; sourceTree = "<group>"; };
		CAB31374221A75330048DA62 /* CSLTagListCell.h */ = {isa = PBXFileReference; lastKnownFileType = sourcecode.c.h; path = CSLTagListCell.h; sourceTree = "<group>"; };
		CAB31375221A75330048DA62 /* CSLTagListCell.m */ = {isa = PBXFileReference; lastKnownFileType = sourcecode.c.objc; path = CSLTagListCell.m; sourceTree = "<group>"; };
		CAB31376221A75330048DA62 /* CSLTagListCell.xib */ = {isa = PBXFileReference; lastKnownFileType = file.xib; path = CSLTagListCell.xib; sourceTree = "<group>"; };
		CAB31379221BE17D0048DA62 /* CSLMoreFunctionsVC.h */ = {isa = PBXFileReference; lastKnownFileType = sourcecode.c.h; path = CSLMoreFunctionsVC.h; sourceTree = "<group>"; };
		CAB3137A221BE17D0048DA62 /* CSLMoreFunctionsVC.m */ = {isa = PBXFileReference; lastKnownFileType = sourcecode.c.objc; path = CSLMoreFunctionsVC.m; sourceTree = "<group>"; };
		CAB810832133E16F009D2F8F /* CoreBluetooth.framework */ = {isa = PBXFileReference; lastKnownFileType = wrapper.framework; name = CoreBluetooth.framework; path = System/Library/Frameworks/CoreBluetooth.framework; sourceTree = SDKROOT; };
		CABA714521325BF500D15BB1 /* CS108iOSClient.app */ = {isa = PBXFileReference; explicitFileType = wrapper.application; includeInIndex = 0; path = CS108iOSClient.app; sourceTree = BUILT_PRODUCTS_DIR; };
		CABA714821325BF500D15BB1 /* AppDelegate.h */ = {isa = PBXFileReference; lastKnownFileType = sourcecode.c.h; path = AppDelegate.h; sourceTree = "<group>"; };
		CABA714921325BF500D15BB1 /* AppDelegate.m */ = {isa = PBXFileReference; lastKnownFileType = sourcecode.c.objc; path = AppDelegate.m; sourceTree = "<group>"; };
		CABA715121325BF600D15BB1 /* Assets.xcassets */ = {isa = PBXFileReference; lastKnownFileType = folder.assetcatalog; path = Assets.xcassets; sourceTree = "<group>"; };
		CABA715421325BF600D15BB1 /* Base */ = {isa = PBXFileReference; lastKnownFileType = file.storyboard; name = Base; path = Base.lproj/LaunchScreen.storyboard; sourceTree = "<group>"; };
		CABA715621325BF600D15BB1 /* Info.plist */ = {isa = PBXFileReference; lastKnownFileType = text.plist.xml; path = Info.plist; sourceTree = "<group>"; };
		CABA715721325BF600D15BB1 /* main.m */ = {isa = PBXFileReference; lastKnownFileType = sourcecode.c.objc; path = main.m; sourceTree = "<group>"; };
		CAC0A628272CFB99000CD6DA /* CSLTagKillVC.h */ = {isa = PBXFileReference; lastKnownFileType = sourcecode.c.h; path = CSLTagKillVC.h; sourceTree = "<group>"; };
		CAC0A629272CFB99000CD6DA /* CSLTagKillVC.m */ = {isa = PBXFileReference; lastKnownFileType = sourcecode.c.objc; path = CSLTagKillVC.m; sourceTree = "<group>"; };
		CACFBBB921C8E4D0001161F6 /* CSLTagSearchVC.h */ = {isa = PBXFileReference; lastKnownFileType = sourcecode.c.h; path = CSLTagSearchVC.h; sourceTree = "<group>"; };
		CACFBBBA21C8E4D0001161F6 /* CSLTagSearchVC.m */ = {isa = PBXFileReference; lastKnownFileType = sourcecode.c.objc; path = CSLTagSearchVC.m; sourceTree = "<group>"; };
		CAD168552175AD6600DC218E /* CSLTagAccessVC.h */ = {isa = PBXFileReference; lastKnownFileType = sourcecode.c.h; path = CSLTagAccessVC.h; sourceTree = "<group>"; };
		CAD168562175AD6600DC218E /* CSLTagAccessVC.m */ = {isa = PBXFileReference; lastKnownFileType = sourcecode.c.objc; path = CSLTagAccessVC.m; sourceTree = "<group>"; };
		CADDF6A921DDF41E00E05D75 /* CoreGraphics.framework */ = {isa = PBXFileReference; lastKnownFileType = wrapper.framework; name = CoreGraphics.framework; path = System/Library/Frameworks/CoreGraphics.framework; sourceTree = SDKROOT; };
		CAE95307222DA3DE00C4EC73 /* CSLTemperatureDetailsVC.h */ = {isa = PBXFileReference; lastKnownFileType = sourcecode.c.h; path = CSLTemperatureDetailsVC.h; sourceTree = "<group>"; };
		CAE95308222DA3DE00C4EC73 /* CSLTemperatureDetailsVC.m */ = {isa = PBXFileReference; lastKnownFileType = sourcecode.c.objc; path = CSLTemperatureDetailsVC.m; sourceTree = "<group>"; };
		CAECD0C0214973EF003321CF /* CSLRfidDemoApp.storyboard */ = {isa = PBXFileReference; lastKnownFileType = file.storyboard; path = CSLRfidDemoApp.storyboard; sourceTree = "<group>"; };
		CAF79C6B260091E900C2F5F6 /* CSLFilterTabVC.m */ = {isa = PBXFileReference; lastKnownFileType = sourcecode.c.objc; path = CSLFilterTabVC.m; sourceTree = "<group>"; };
		CAF79C6D2600922500C2F5F6 /* CSLFilterTabVC.h */ = {isa = PBXFileReference; lastKnownFileType = sourcecode.c.h; path = CSLFilterTabVC.h; sourceTree = "<group>"; };
		CAF8351922268F96002F90AC /* Lato-Bold.ttf */ = {isa = PBXFileReference; lastKnownFileType = file; path = "Lato-Bold.ttf"; sourceTree = "<group>"; };
		CAF8351A22268F97002F90AC /* Lato-Regular.ttf */ = {isa = PBXFileReference; lastKnownFileType = file; path = "Lato-Regular.ttf"; sourceTree = "<group>"; };
		CAF8351B22268F97002F90AC /* Lato-Light.ttf */ = {isa = PBXFileReference; lastKnownFileType = file; path = "Lato-Light.ttf"; sourceTree = "<group>"; };
		CAF8351C22268F97002F90AC /* Lato-Italic.ttf */ = {isa = PBXFileReference; lastKnownFileType = file; path = "Lato-Italic.ttf"; sourceTree = "<group>"; };
		CAFF2696221D3F7000D89112 /* CSLMultibankAccessVC.h */ = {isa = PBXFileReference; lastKnownFileType = sourcecode.c.h; path = CSLMultibankAccessVC.h; sourceTree = "<group>"; };
		CAFF2697221D3F7000D89112 /* CSLMultibankAccessVC.m */ = {isa = PBXFileReference; lastKnownFileType = sourcecode.c.objc; path = CSLMultibankAccessVC.m; sourceTree = "<group>"; };
/* End PBXFileReference section */

/* Begin PBXFrameworksBuildPhase section */
		CABA714221325BF500D15BB1 /* Frameworks */ = {
			isa = PBXFrameworksBuildPhase;
			buildActionMask = 2147483647;
			files = (
				CADDF6AA21DDF41E00E05D75 /* CoreGraphics.framework in Frameworks */,
				CA787372214CD7CF009B7FE6 /* Foundation.framework in Frameworks */,
				CA787370214CD7C4009B7FE6 /* UIKit.framework in Frameworks */,
				CAB810842133E16F009D2F8F /* CoreBluetooth.framework in Frameworks */,
				F5ECCDD9EA81EA7C6A3EFD87 /* Pods_CS108iOSClient.framework in Frameworks */,
			);
			runOnlyForDeploymentPostprocessing = 0;
		};
/* End PBXFrameworksBuildPhase section */

/* Begin PBXGroup section */
		B5D80DFEDCD0D58B42FFA1C2 /* Pods */ = {
			isa = PBXGroup;
			children = (
				84CF1AC1DC7B7241A83886CF /* Pods-CS108iOSClient.debug.xcconfig */,
				8C38EEE82B5D5911C071188B /* Pods-CS108iOSClient.release.xcconfig */,
			);
			path = Pods;
			sourceTree = "<group>";
		};
		CA5066422159962000C3C9C8 /* fonts */ = {
			isa = PBXGroup;
			children = (
				CAF8351922268F96002F90AC /* Lato-Bold.ttf */,
				CAF8351C22268F97002F90AC /* Lato-Italic.ttf */,
				CAF8351B22268F97002F90AC /* Lato-Light.ttf */,
				CAF8351A22268F97002F90AC /* Lato-Regular.ttf */,
				CA506643215996A000C3C9C8 /* digital-7 (mono).ttf */,
			);
			path = fonts;
			sourceTree = "<group>";
		};
		CA78735E214CC072009B7FE6 /* ViewControllers */ = {
			isa = PBXGroup;
			children = (
				CA57AA7721CAC45E00D081F9 /* LMGaugeView.h */,
				CA57AA7621CAC45D00D081F9 /* LMGaugeView.m */,
				CA78735F214CC153009B7FE6 /* CSLHomeVC.h */,
				CA787360214CC153009B7FE6 /* CSLHomeVC.m */,
				CA787365214CC9C8009B7FE6 /* CSLTabVC.h */,
				CA787366214CC9C8009B7FE6 /* CSLTabVC.m */,
				CA787368214CCA47009B7FE6 /* CSLSettingsVC.h */,
				CA787369214CCA47009B7FE6 /* CSLSettingsVC.m */,
				CA78736B214CD49D009B7FE6 /* CSLInventoryVC.h */,
				CA78736C214CD49D009B7FE6 /* CSLInventoryVC.m */,
				CA7873762150DF7A009B7FE6 /* CSLDeviceTV.h */,
				CA7873772150DF7A009B7FE6 /* CSLDeviceTV.m */,
				CA50663F2157889C00C3C9C8 /* CSLAboutVC.h */,
				CA5066402157889C00C3C9C8 /* CSLAboutVC.m */,
				CABA714821325BF500D15BB1 /* AppDelegate.h */,
				CABA714921325BF500D15BB1 /* AppDelegate.m */,
				CAD168552175AD6600DC218E /* CSLTagAccessVC.h */,
				CAD168562175AD6600DC218E /* CSLTagAccessVC.m */,
				CACFBBB921C8E4D0001161F6 /* CSLTagSearchVC.h */,
				CACFBBBA21C8E4D0001161F6 /* CSLTagSearchVC.m */,
				CA411CDD21D8C59F0029E779 /* CSLTagLockVC.h */,
				CA411CDE21D8C59F0029E779 /* CSLTagLockVC.m */,
				CAC0A628272CFB99000CD6DA /* CSLTagKillVC.h */,
				CAC0A629272CFB99000CD6DA /* CSLTagKillVC.m */,
				CA5C059221E4517D00E68E44 /* CSLMQTTClientSettings.h */,
				CA5C059321E4517D00E68E44 /* CSLMQTTClientSettings.m */,
				CAB31374221A75330048DA62 /* CSLTagListCell.h */,
				CAB31375221A75330048DA62 /* CSLTagListCell.m */,
				CAB31376221A75330048DA62 /* CSLTagListCell.xib */,
				CAB31379221BE17D0048DA62 /* CSLMoreFunctionsVC.h */,
				CAB3137A221BE17D0048DA62 /* CSLMoreFunctionsVC.m */,
				CAFF2696221D3F7000D89112 /* CSLMultibankAccessVC.h */,
				CAFF2697221D3F7000D89112 /* CSLMultibankAccessVC.m */,
				CA4D5C9E222860DA007A55B3 /* CSLTemperatureTabVC.h */,
				CA4D5C9F222860DA007A55B3 /* CSLTemperatureTabVC.m */,
				CA4D5CA12228EF91007A55B3 /* CSLTemperatureReadVC.h */,
				CA4D5CA22228EF91007A55B3 /* CSLTemperatureReadVC.m */,
				CA72297D222AB13300D8C2CF /* CSLTemperatureTagListCell.h */,
				CA72297E222AB13300D8C2CF /* CSLTemperatureTagListCell.m */,
				CA72297F222AB13300D8C2CF /* CSLTemperatureTagListCell.xib */,
				CAE95307222DA3DE00C4EC73 /* CSLTemperatureDetailsVC.h */,
				CAE95308222DA3DE00C4EC73 /* CSLTemperatureDetailsVC.m */,
				CA46619F223AD3A80028333B /* CSLTemperatureTagSettingsVC.h */,
				CA4661A0223AD3A80028333B /* CSLTemperatureTagSettingsVC.m */,
				CAA89F43223D23D50066B601 /* CSLTemperatureUploadVC.h */,
				CAA89F44223D23D50066B601 /* CSLTemperatureUploadVC.m */,
				CA8212B8236B1C4000911EF2 /* CSLPowerLevelVC.h */,
				CA8212B9236B1C4000911EF2 /* CSLPowerLevelVC.m */,
				CA150B6E236C0DFB00ACF53D /* CSLAntennaPortVC.h */,
				CA150B6F236C0DFB00ACF53D /* CSLAntennaPortVC.m */,
				CAF79C6B260091E900C2F5F6 /* CSLFilterTabVC.m */,
				CAF79C6D2600922500C2F5F6 /* CSLFilterTabVC.h */,
				CA33BF8C2600EE8A00835159 /* CSLPrefilterVC.h */,
				CA33BF8D2600EE8A00835159 /* CSLPrefilterVC.m */,
				CA33BF8F2600EEAF00835159 /* CSLPostfilterVC.h */,
				CA33BF902600EEAF00835159 /* CSLPostfilterVC.m */,
			);
			path = ViewControllers;
			sourceTree = "<group>";
		};
		CAB810822133E16F009D2F8F /* Frameworks */ = {
			isa = PBXGroup;
			children = (
				CADDF6A921DDF41E00E05D75 /* CoreGraphics.framework */,
				CA787371214CD7CF009B7FE6 /* Foundation.framework */,
				CA78736F214CD7C4009B7FE6 /* UIKit.framework */,
				CAB810832133E16F009D2F8F /* CoreBluetooth.framework */,
				88353A6E485674B1C2AB0B20 /* Pods_CS108iOSClient.framework */,
			);
			name = Frameworks;
			sourceTree = "<group>";
		};
		CABA713C21325BF500D15BB1 = {
			isa = PBXGroup;
			children = (
				CABA714721325BF500D15BB1 /* CS108iOSClient */,
				CABA714621325BF500D15BB1 /* Products */,
				CAB810822133E16F009D2F8F /* Frameworks */,
				B5D80DFEDCD0D58B42FFA1C2 /* Pods */,
			);
			sourceTree = "<group>";
		};
		CABA714621325BF500D15BB1 /* Products */ = {
			isa = PBXGroup;
			children = (
				CABA714521325BF500D15BB1 /* CS108iOSClient.app */,
			);
			name = Products;
			sourceTree = "<group>";
		};
		CABA714721325BF500D15BB1 /* CS108iOSClient */ = {
			isa = PBXGroup;
			children = (
				CAECD0C0214973EF003321CF /* CSLRfidDemoApp.storyboard */,
				CABA715321325BF600D15BB1 /* LaunchScreen.storyboard */,
				CA78735E214CC072009B7FE6 /* ViewControllers */,
				CABA715121325BF600D15BB1 /* Assets.xcassets */,
				CABA715621325BF600D15BB1 /* Info.plist */,
				CABA715721325BF600D15BB1 /* main.m */,
				CA5066422159962000C3C9C8 /* fonts */,
			);
			path = CS108iOSClient;
			sourceTree = "<group>";
		};
/* End PBXGroup section */

/* Begin PBXNativeTarget section */
		CABA714421325BF500D15BB1 /* CS108iOSClient */ = {
			isa = PBXNativeTarget;
			buildConfigurationList = CABA715B21325BF600D15BB1 /* Build configuration list for PBXNativeTarget "CS108iOSClient" */;
			buildPhases = (
				DC3B9B209519BC5F553A8C5A /* [CP] Check Pods Manifest.lock */,
				CABA714121325BF500D15BB1 /* Sources */,
				CABA714221325BF500D15BB1 /* Frameworks */,
				CABA714321325BF500D15BB1 /* Resources */,
				CA4661A4223B49430028333B /* Embed Frameworks */,
				DE8D8319B4FB861B398A4EE8 /* [CP] Embed Pods Frameworks */,
			);
			buildRules = (
			);
			dependencies = (
			);
			name = CS108iOSClient;
			productName = CS108iOSClient;
			productReference = CABA714521325BF500D15BB1 /* CS108iOSClient.app */;
			productType = "com.apple.product-type.application";
		};
/* End PBXNativeTarget section */

/* Begin PBXProject section */
		CABA713D21325BF500D15BB1 /* Project object */ = {
			isa = PBXProject;
			attributes = {
				LastUpgradeCheck = 1310;
				ORGANIZATIONNAME = "Convergence Systems Limited";
				TargetAttributes = {
					CABA714421325BF500D15BB1 = {
						CreatedOnToolsVersion = 9.4.1;
						SystemCapabilities = {
							com.apple.BackgroundModes = {
								enabled = 1;
							};
						};
					};
				};
			};
			buildConfigurationList = CABA714021325BF500D15BB1 /* Build configuration list for PBXProject "CS108iOSClient" */;
			compatibilityVersion = "Xcode 9.3";
			developmentRegion = en;
			hasScannedForEncodings = 0;
			knownRegions = (
				en,
				Base,
			);
			mainGroup = CABA713C21325BF500D15BB1;
			productRefGroup = CABA714621325BF500D15BB1 /* Products */;
			projectDirPath = "";
			projectRoot = "";
			targets = (
				CABA714421325BF500D15BB1 /* CS108iOSClient */,
			);
		};
/* End PBXProject section */

/* Begin PBXResourcesBuildPhase section */
		CABA714321325BF500D15BB1 /* Resources */ = {
			isa = PBXResourcesBuildPhase;
			buildActionMask = 2147483647;
			files = (
				CABA715521325BF600D15BB1 /* LaunchScreen.storyboard in Resources */,
				CAF8351E2226901D002F90AC /* Lato-Italic.ttf in Resources */,
				CAF8351D2226901B002F90AC /* Lato-Bold.ttf in Resources */,
				CAF8352022269024002F90AC /* Lato-Light.ttf in Resources */,
				CAF8351F22269021002F90AC /* Lato-Regular.ttf in Resources */,
				CAECD0C1214973EF003321CF /* CSLRfidDemoApp.storyboard in Resources */,
				CA722981222AB13300D8C2CF /* CSLTemperatureTagListCell.xib in Resources */,
				CAB31378221A75330048DA62 /* CSLTagListCell.xib in Resources */,
				CABA715221325BF600D15BB1 /* Assets.xcassets in Resources */,
				CA506644215996A000C3C9C8 /* digital-7 (mono).ttf in Resources */,
			);
			runOnlyForDeploymentPostprocessing = 0;
		};
/* End PBXResourcesBuildPhase section */

/* Begin PBXShellScriptBuildPhase section */
		DC3B9B209519BC5F553A8C5A /* [CP] Check Pods Manifest.lock */ = {
			isa = PBXShellScriptBuildPhase;
			buildActionMask = 2147483647;
			files = (
			);
			inputFileListPaths = (
			);
			inputPaths = (
				"${PODS_PODFILE_DIR_PATH}/Podfile.lock",
				"${PODS_ROOT}/Manifest.lock",
			);
			name = "[CP] Check Pods Manifest.lock";
			outputFileListPaths = (
			);
			outputPaths = (
				"$(DERIVED_FILE_DIR)/Pods-CS108iOSClient-checkManifestLockResult.txt",
			);
			runOnlyForDeploymentPostprocessing = 0;
			shellPath = /bin/sh;
			shellScript = "diff \"${PODS_PODFILE_DIR_PATH}/Podfile.lock\" \"${PODS_ROOT}/Manifest.lock\" > /dev/null\nif [ $? != 0 ] ; then\n    # print error to STDERR\n    echo \"error: The sandbox is not in sync with the Podfile.lock. Run 'pod install' or update your CocoaPods installation.\" >&2\n    exit 1\nfi\n# This output is used by Xcode 'outputs' to avoid re-running this script phase.\necho \"SUCCESS\" > \"${SCRIPT_OUTPUT_FILE_0}\"\n";
			showEnvVarsInLog = 0;
		};
		DE8D8319B4FB861B398A4EE8 /* [CP] Embed Pods Frameworks */ = {
			isa = PBXShellScriptBuildPhase;
			buildActionMask = 2147483647;
			files = (
			);
			inputFileListPaths = (
				"${PODS_ROOT}/Target Support Files/Pods-CS108iOSClient/Pods-CS108iOSClient-frameworks-${CONFIGURATION}-input-files.xcfilelist",
			);
			name = "[CP] Embed Pods Frameworks";
			outputFileListPaths = (
				"${PODS_ROOT}/Target Support Files/Pods-CS108iOSClient/Pods-CS108iOSClient-frameworks-${CONFIGURATION}-output-files.xcfilelist",
			);
			runOnlyForDeploymentPostprocessing = 0;
			shellPath = /bin/sh;
			shellScript = "\"${PODS_ROOT}/Target Support Files/Pods-CS108iOSClient/Pods-CS108iOSClient-frameworks.sh\"\n";
			showEnvVarsInLog = 0;
		};
/* End PBXShellScriptBuildPhase section */

/* Begin PBXSourcesBuildPhase section */
		CABA714121325BF500D15BB1 /* Sources */ = {
			isa = PBXSourcesBuildPhase;
			buildActionMask = 2147483647;
			files = (
				CA4D5CA0222860DA007A55B3 /* CSLTemperatureTabVC.m in Sources */,
				CAA89F45223D23D50066B601 /* CSLTemperatureUploadVC.m in Sources */,
				CAFF2698221D3F7000D89112 /* CSLMultibankAccessVC.m in Sources */,
				CAE95309222DA3DE00C4EC73 /* CSLTemperatureDetailsVC.m in Sources */,
				CA5066412157889C00C3C9C8 /* CSLAboutVC.m in Sources */,
				CA150B70236C0DFB00ACF53D /* CSLAntennaPortVC.m in Sources */,
				CAF79C6C260091E900C2F5F6 /* CSLFilterTabVC.m in Sources */,
				CA4D5CA32228EF91007A55B3 /* CSLTemperatureReadVC.m in Sources */,
				CA787367214CC9C8009B7FE6 /* CSLTabVC.m in Sources */,
				CA7873782150DF7A009B7FE6 /* CSLDeviceTV.m in Sources */,
				CA722980222AB13300D8C2CF /* CSLTemperatureTagListCell.m in Sources */,
				CA411CDF21D8C59F0029E779 /* CSLTagLockVC.m in Sources */,
				CA78736D214CD49D009B7FE6 /* CSLInventoryVC.m in Sources */,
				CA4661A1223AD3A80028333B /* CSLTemperatureTagSettingsVC.m in Sources */,
				CA57AA7821CAC45E00D081F9 /* LMGaugeView.m in Sources */,
				CA33BF8E2600EE8A00835159 /* CSLPrefilterVC.m in Sources */,
				CAB31377221A75330048DA62 /* CSLTagListCell.m in Sources */,
				CAB3137B221BE17D0048DA62 /* CSLMoreFunctionsVC.m in Sources */,
				CA787361214CC154009B7FE6 /* CSLHomeVC.m in Sources */,
				CABA715821325BF600D15BB1 /* main.m in Sources */,
				CABA714A21325BF500D15BB1 /* AppDelegate.m in Sources */,
				CACFBBBB21C8E4D0001161F6 /* CSLTagSearchVC.m in Sources */,
				CA5C059421E4517D00E68E44 /* CSLMQTTClientSettings.m in Sources */,
				CA8212BA236B1C4000911EF2 /* CSLPowerLevelVC.m in Sources */,
				CA33BF912600EEAF00835159 /* CSLPostfilterVC.m in Sources */,
				CA78736A214CCA47009B7FE6 /* CSLSettingsVC.m in Sources */,
				CAD168572175AD6600DC218E /* CSLTagAccessVC.m in Sources */,
				CAC0A62A272CFB99000CD6DA /* CSLTagKillVC.m in Sources */,
			);
			runOnlyForDeploymentPostprocessing = 0;
		};
/* End PBXSourcesBuildPhase section */

/* Begin PBXVariantGroup section */
		CABA715321325BF600D15BB1 /* LaunchScreen.storyboard */ = {
			isa = PBXVariantGroup;
			children = (
				CABA715421325BF600D15BB1 /* Base */,
			);
			name = LaunchScreen.storyboard;
			sourceTree = "<group>";
		};
/* End PBXVariantGroup section */

/* Begin XCBuildConfiguration section */
		CABA715921325BF600D15BB1 /* Debug */ = {
			isa = XCBuildConfiguration;
			buildSettings = {
				ALWAYS_SEARCH_USER_PATHS = NO;
				CLANG_ANALYZER_NONNULL = YES;
				CLANG_ANALYZER_NUMBER_OBJECT_CONVERSION = YES_AGGRESSIVE;
				CLANG_CXX_LANGUAGE_STANDARD = "gnu++14";
				CLANG_CXX_LIBRARY = "libc++";
				CLANG_ENABLE_MODULES = YES;
				CLANG_ENABLE_OBJC_ARC = YES;
				CLANG_ENABLE_OBJC_WEAK = YES;
				CLANG_WARN_BLOCK_CAPTURE_AUTORELEASING = YES;
				CLANG_WARN_BOOL_CONVERSION = YES;
				CLANG_WARN_COMMA = YES;
				CLANG_WARN_CONSTANT_CONVERSION = YES;
				CLANG_WARN_DEPRECATED_OBJC_IMPLEMENTATIONS = YES;
				CLANG_WARN_DIRECT_OBJC_ISA_USAGE = YES_ERROR;
				CLANG_WARN_DOCUMENTATION_COMMENTS = YES;
				CLANG_WARN_EMPTY_BODY = YES;
				CLANG_WARN_ENUM_CONVERSION = YES;
				CLANG_WARN_INFINITE_RECURSION = YES;
				CLANG_WARN_INT_CONVERSION = YES;
				CLANG_WARN_NON_LITERAL_NULL_CONVERSION = YES;
				CLANG_WARN_OBJC_IMPLICIT_RETAIN_SELF = YES;
				CLANG_WARN_OBJC_LITERAL_CONVERSION = YES;
				CLANG_WARN_OBJC_ROOT_CLASS = YES_ERROR;
				CLANG_WARN_QUOTED_INCLUDE_IN_FRAMEWORK_HEADER = YES;
				CLANG_WARN_RANGE_LOOP_ANALYSIS = YES;
				CLANG_WARN_STRICT_PROTOTYPES = YES;
				CLANG_WARN_SUSPICIOUS_MOVE = YES;
				CLANG_WARN_UNGUARDED_AVAILABILITY = YES_AGGRESSIVE;
				CLANG_WARN_UNREACHABLE_CODE = YES;
				CLANG_WARN__DUPLICATE_METHOD_MATCH = YES;
				CODE_SIGN_IDENTITY = "iPhone Developer";
				COPY_PHASE_STRIP = NO;
				DEBUG_INFORMATION_FORMAT = dwarf;
				ENABLE_STRICT_OBJC_MSGSEND = YES;
				ENABLE_TESTABILITY = YES;
				GCC_C_LANGUAGE_STANDARD = gnu11;
				GCC_DYNAMIC_NO_PIC = NO;
				GCC_NO_COMMON_BLOCKS = YES;
				GCC_OPTIMIZATION_LEVEL = 0;
				GCC_PREPROCESSOR_DEFINITIONS = (
					"DEBUG=1",
					"$(inherited)",
				);
				GCC_WARN_64_TO_32_BIT_CONVERSION = YES;
				GCC_WARN_ABOUT_RETURN_TYPE = YES_ERROR;
				GCC_WARN_UNDECLARED_SELECTOR = YES;
				GCC_WARN_UNINITIALIZED_AUTOS = YES_AGGRESSIVE;
				GCC_WARN_UNUSED_FUNCTION = YES;
				GCC_WARN_UNUSED_VARIABLE = YES;
				IPHONEOS_DEPLOYMENT_TARGET = 13.0;
				MTL_ENABLE_DEBUG_INFO = YES;
				ONLY_ACTIVE_ARCH = YES;
				SDKROOT = iphoneos;
			};
			name = Debug;
		};
		CABA715A21325BF600D15BB1 /* Release */ = {
			isa = XCBuildConfiguration;
			buildSettings = {
				ALWAYS_SEARCH_USER_PATHS = NO;
				CLANG_ANALYZER_NONNULL = YES;
				CLANG_ANALYZER_NUMBER_OBJECT_CONVERSION = YES_AGGRESSIVE;
				CLANG_CXX_LANGUAGE_STANDARD = "gnu++14";
				CLANG_CXX_LIBRARY = "libc++";
				CLANG_ENABLE_MODULES = YES;
				CLANG_ENABLE_OBJC_ARC = YES;
				CLANG_ENABLE_OBJC_WEAK = YES;
				CLANG_WARN_BLOCK_CAPTURE_AUTORELEASING = YES;
				CLANG_WARN_BOOL_CONVERSION = YES;
				CLANG_WARN_COMMA = YES;
				CLANG_WARN_CONSTANT_CONVERSION = YES;
				CLANG_WARN_DEPRECATED_OBJC_IMPLEMENTATIONS = YES;
				CLANG_WARN_DIRECT_OBJC_ISA_USAGE = YES_ERROR;
				CLANG_WARN_DOCUMENTATION_COMMENTS = YES;
				CLANG_WARN_EMPTY_BODY = YES;
				CLANG_WARN_ENUM_CONVERSION = YES;
				CLANG_WARN_INFINITE_RECURSION = YES;
				CLANG_WARN_INT_CONVERSION = YES;
				CLANG_WARN_NON_LITERAL_NULL_CONVERSION = YES;
				CLANG_WARN_OBJC_IMPLICIT_RETAIN_SELF = YES;
				CLANG_WARN_OBJC_LITERAL_CONVERSION = YES;
				CLANG_WARN_OBJC_ROOT_CLASS = YES_ERROR;
				CLANG_WARN_QUOTED_INCLUDE_IN_FRAMEWORK_HEADER = YES;
				CLANG_WARN_RANGE_LOOP_ANALYSIS = YES;
				CLANG_WARN_STRICT_PROTOTYPES = YES;
				CLANG_WARN_SUSPICIOUS_MOVE = YES;
				CLANG_WARN_UNGUARDED_AVAILABILITY = YES_AGGRESSIVE;
				CLANG_WARN_UNREACHABLE_CODE = YES;
				CLANG_WARN__DUPLICATE_METHOD_MATCH = YES;
				CODE_SIGN_IDENTITY = "iPhone Developer";
				COPY_PHASE_STRIP = NO;
				DEBUG_INFORMATION_FORMAT = "dwarf-with-dsym";
				ENABLE_NS_ASSERTIONS = NO;
				ENABLE_STRICT_OBJC_MSGSEND = YES;
				GCC_C_LANGUAGE_STANDARD = gnu11;
				GCC_NO_COMMON_BLOCKS = YES;
				GCC_WARN_64_TO_32_BIT_CONVERSION = YES;
				GCC_WARN_ABOUT_RETURN_TYPE = YES_ERROR;
				GCC_WARN_UNDECLARED_SELECTOR = YES;
				GCC_WARN_UNINITIALIZED_AUTOS = YES_AGGRESSIVE;
				GCC_WARN_UNUSED_FUNCTION = YES;
				GCC_WARN_UNUSED_VARIABLE = YES;
				IPHONEOS_DEPLOYMENT_TARGET = 13.0;
				MTL_ENABLE_DEBUG_INFO = NO;
				SDKROOT = iphoneos;
				VALIDATE_PRODUCT = YES;
			};
			name = Release;
		};
		CABA715C21325BF600D15BB1 /* Debug */ = {
			isa = XCBuildConfiguration;
			baseConfigurationReference = 84CF1AC1DC7B7241A83886CF /* Pods-CS108iOSClient.debug.xcconfig */;
			buildSettings = {
				ASSETCATALOG_COMPILER_APPICON_NAME = AppIcon;
				CODE_SIGN_STYLE = Automatic;
				DEVELOPMENT_TEAM = ZDHT9HGJF7;
				FRAMEWORK_SEARCH_PATHS = (
					"$(inherited)",
					"$(PROJECT_DIR)",
				);
				INFOPLIST_FILE = CS108iOSClient/Info.plist;
				LD_RUNPATH_SEARCH_PATHS = (
					"$(inherited)",
					"@executable_path/Frameworks",
				);
				MARKETING_VERSION = 3.5;
				PRODUCT_BUNDLE_IDENTIFIER = com.csl.CS108iOSClient;
				PRODUCT_NAME = "$(TARGET_NAME)";
				TARGETED_DEVICE_FAMILY = "1,2";
			};
			name = Debug;
		};
		CABA715D21325BF600D15BB1 /* Release */ = {
			isa = XCBuildConfiguration;
			baseConfigurationReference = 8C38EEE82B5D5911C071188B /* Pods-CS108iOSClient.release.xcconfig */;
			buildSettings = {
				ASSETCATALOG_COMPILER_APPICON_NAME = AppIcon;
				CODE_SIGN_STYLE = Automatic;
				DEVELOPMENT_TEAM = ZDHT9HGJF7;
				FRAMEWORK_SEARCH_PATHS = (
					"$(inherited)",
					"$(PROJECT_DIR)",
				);
				INFOPLIST_FILE = CS108iOSClient/Info.plist;
				LD_RUNPATH_SEARCH_PATHS = (
					"$(inherited)",
					"@executable_path/Frameworks",
				);
				MARKETING_VERSION = 3.5;
				PRODUCT_BUNDLE_IDENTIFIER = com.csl.CS108iOSClient;
				PRODUCT_NAME = "$(TARGET_NAME)";
				TARGETED_DEVICE_FAMILY = "1,2";
			};
			name = Release;
		};
/* End XCBuildConfiguration section */

/* Begin XCConfigurationList section */
		CABA714021325BF500D15BB1 /* Build configuration list for PBXProject "CS108iOSClient" */ = {
			isa = XCConfigurationList;
			buildConfigurations = (
				CABA715921325BF600D15BB1 /* Debug */,
				CABA715A21325BF600D15BB1 /* Release */,
			);
			defaultConfigurationIsVisible = 0;
			defaultConfigurationName = Release;
		};
		CABA715B21325BF600D15BB1 /* Build configuration list for PBXNativeTarget "CS108iOSClient" */ = {
			isa = XCConfigurationList;
			buildConfigurations = (
				CABA715C21325BF600D15BB1 /* Debug */,
				CABA715D21325BF600D15BB1 /* Release */,
			);
			defaultConfigurationIsVisible = 0;
			defaultConfigurationName = Release;
		};
/* End XCConfigurationList section */
	};
	rootObject = CABA713D21325BF500D15BB1 /* Project object */;
}
